al.essio.dev/pkg/shellescape v1.6.0 h1:NxFcEqzFSEVCGN2yq7Huv/9hyCEGVa/TncnOOBBeXHA=
al.essio.dev/pkg/shellescape v1.6.0/go.mod h1:6sIqp7X2P6mThCQ7twERpZTuigpr6KbZWtls1U8I890=
github.com/bahlo/generic-list-go v0.2.0 h1:5sz/EEAK+ls5wF+NeqDpk5+iNdMDXrh3z3nPnH1Wvgk=
github.com/bahlo/generic-list-go v0.2.0/go.mod h1:2KvAjgMlE5NNynlg/5iLrrCCZ2+5xWbdbCW3pNTGyYg=
github.com/buger/jsonparser v1.1.1 h1:2PnMjfWD7wBILjqQbt530v576A/cAbQvEW9gGIpYMUs=
github.com/buger/jsonparser v1.1.1/go.mod h1:6RYKKt7H4d4+iWqouImQ9R2FZql3VbhNgx27UK13J/0=
github.com/danieljoos/wincred v1.2.3 h1:v7dZC2x32Ut3nEfRH+vhoZGvN72+dQ/snVXo/vMFLdQ=
github.com/danieljoos/wincred v1.2.3/go.mod h1:6qqX0WNrS4RzPZ1tnroDzq9kY3fu1KwE7MRLQK4X0bs=
github.com/davecgh/go-spew v1.1.1 h1:vj9j/u1bqnvCEfJOwUhtlOARqs3+rkHYY13jYWTU97c=
github.com/davecgh/go-spew v1.1.1/go.mod h1:J7Y8YcW2NihsgmVo/mv3lAwl/skON4iLHjSsI+c5H38=
github.com/frankban/quicktest v1.14.6 h1:7Xjx+VpznH+oBnejlPUj8oUpdxnVs4f8XU8WnHkI4W8=
github.com/frankban/quicktest v1.14.6/go.mod h1:4ptaffx2x8+WTWXmUCuVU6aPUX1/Mz7zb5vbUoiM6w0=
github.com/godbus/dbus/v5 v5.2.2 h1:TUR3TgtSVDmjiXOgAAyaZbYmIeP3DPkld3jgKGV8mXQ=
github.com/godbus/dbus/v5 v5.2.2/go.mod h1:3AAv2+hPq5rdnr5txxxRwiGjPXamgoIHgz9FPBfOp3c=
github.com/google/go-cmp v0.5.9 h1:O2Tfq5qg4qc4AmwVlvv0oLiVAGB7enBSJ2x2DqQFi38=
github.com/google/go-cmp v0.5.9/go.mod h1:17dUlkBOakJ0+DkrSSNjCkIjxS6bF9zb3elmeNGIjoY=
github.com/google/shlex v0.0.0-20191202100458-e7afc7fbc510 h1:El6M4kTTCOh6aBiKaUGG7oYTSPP8MxqL4YI3kZKwcP4=
github.com/google/shlex v0.0.0-20191202100458-e7afc7fbc510/go.mod h1:pupxD2MaaD3pAXIBCelhxNneeOaAeabZDe5s4K6zSpQ=
github.com/google/uuid v1.6.0 h1:NIvaJDMOsjHA8n1jAhLSgzrAzy1Hgr+hNrb57e+94F0=
github.com/google/uuid v1.6.0/go.mod h1:TIyPZe4MgqvfeYDBFedMoGGpEw/LqOeaOT+nhxU+yHo=
github.com/invopop/jsonschema v0.13.0 h1:KvpoAJWEjR3uD9Kbm2HWJmqsEaHt8lBUpd0qHcIi21E=
github.com/invopop/jsonschema v0.13.0/go.mod h1:ffZ5Km5SWWRAIN6wbDXItl95euhFz2uON45H2qjYt+0=
github.com/josharian/intern v1.0.0/go.mod h1:5DoeVV0s6jJacbCEi61lwdGj/aVlrQvzHFFd8Hwg//Y=
github.com/kr/pretty v0.3.1 h1:flRD4NNwYAUpkphVc1HcthR4KEIFJ65n8Mw5qdRn3LE=
github.com/kr/pretty v0.3.1/go.mod h1:hoEshYVHaxMs3cyo3Yncou5ZscifuDolrwPKZanG3xk=
github.com/kr/text v0.2.0 h1:5Nx0Ya0ZqY2ygV366QzturHI13Jq95ApcVaJBhpS+AY=
github.com/kr/text v0.2.0/go.mod h1:eLer722TekiGuMkidMxC/pM04lWEeraHUUmBw8l2grE=
github.com/mailru/easyjson v0.7.7 h1:UGYAvKxe3sBsEDzO8ZeWOSlIQfWFlxbzLZe7hwFURr0=
github.com/mailru/easyjson v0.7.7/go.mod h1:xzfreul335JAWq5oZzymOObrkdz5UnU4kGfJJLY9Nlc=
github.com/mark3labs/mcp-go v0.43.2 h1:21PUSlWWiSbUPQwXIJ5WKlETixpFpq+WBpbMGDSVy/I=
github.com/mark3labs/mcp-go v0.43.2/go.mod h1:YnJfOL382MIWDx1kMY+2zsRHU/q78dBg9aFb8W6Thdw=
github.com/pmezard/go-difflib v1.0.0 h1:4DBwDE0NGyQoBHbLQYPwSUPoCMWR5BEzIk/f1lZbAQM=
github.com/pmezard/go-difflib v1.0.0/go.mod h1:iKH77koFhYxTK1pcRnkKkqfTogsbg7gZNVY4sRDYZ/4=
github.com/rogpeppe/go-internal v1.9.0 h1:73kH8U+JUqXU8lRuOHeVHaa/SZPifC7BkcraZVejAe8=
github.com/rogpeppe/go-internal v1.9.0/go.mod h1:WtVeX8xhTBvf0smdhujwtBcq4Qrzq/fJaraNFVN+nFs=
github.com/spf13/cast v1.7.1 h1:cuNEagBQEHWN1FnbGEjCXL2szYEXqfJPbP2HNUaca9Y=
github.com/spf13/cast v1.7.1/go.mod h1:ancEpBxwJDODSW/UG4rDrAqiKolqNNh2DX3mk86cAdo=
github.com/stretchr/objx v0.5.2 h1:xuMeJ0Sdp5ZMRXx/aWO6RZxdr3beISkG5/G/aIRr3pY=
github.com/stretchr/objx v0.5.2/go.mod h1:FRsXN1f5AsAjCGJKqEizvkpNtU+EGNCLh3NxZ/8L+MA=
github.com/stretchr/testify v1.11.1 h1:7s2iGBzp5EwR7/aIZr8ao5+dra3wiQyKjjFuvgVKu7U=
github.com/stretchr/testify v1.11.1/go.mod h1:wZwfW3scLgRK+23gO65QZefKpKQRnfz6sD981Nm4B6U=
github.com/tdewolff/minify/v2 v2.24.8 h1:58/VjsbevI4d5FGV0ZSuBrHMSSkH4MCH0sIz/eKIauE=
github.com/tdewolff/minify/v2 v2.24.8/go.mod h1:0Ukj0CRpo/sW/nd8uZ4ccXaV1rEVIWA3dj8U7+Shhfw=
github.com/tdewolff/parse/v2 v2.8.5 h1:ZmBiA/8Do5Rpk7bDye0jbbDUpXXbCdc3iah4VeUvwYU=
github.com/tdewolff/parse/v2 v2.8.5/go.mod h1:Hwlni2tiVNKyzR1o6nUs4FOF07URA+JLBLd6dlIXYqo=
github.com/tdewolff/test v1.0.11 h1:FdLbwQVHxqG16SlkGveC0JVyrJN62COWTRyUFzfbtBE=
github.com/tdewolff/test v1.0.11/go.mod h1:XPuWBzvdUzhCuxWO1ojpXsyzsA5bFoS3tO/Q3kFuTG8=
github.com/tinywasm/assetmin v0.2.1 h1:PhwzSmF4rGsAYh2bbVx2G8qUNCCjQh5rLGZ3Y0lpVto=
github.com/tinywasm/assetmin v0.2.1/go.mod h1:SWZNMq/LNLY3u2+s8dhAyiGjZ8+OxtgzRmSMpajnHOw=
github.com/tinywasm/binary v0.5.11 h1:qZaUIXToSA0iNqkc+eqpGrFdEI44v/HfSDr2fFIv5CE=
github.com/tinywasm/binary v0.5.11/go.mod h1:I8LJJ/xHcNgwxLgUKhGoKDGIQF8VURtc8lEDi2PR4vk=
github.com/tinywasm/client v0.5.50 h1:iuGMQ8qU8qTtMb+V34LDivyCQXR914geIX2dbZlfVZM=
github.com/tinywasm/client v0.5.50/go.mod h1:SrkZiXwr29RH9597h4exNEpMFVEt2t5OCLCohdOKgcw=
github.com/tinywasm/context v0.0.12 h1:F0P6QURIGZaPaxDxZEGZovGeGJ4L4S7Smrju0zr/V90=
github.com/tinywasm/context v0.0.12/go.mod h1:MUoF0JxU5/ekbOUrdtSjFO6xHd95MCAYBDWqwLIxSOg=
github.com/tinywasm/crudp v0.2.11 h1:FQFRFD7j22Ebks8Ws3+yb6ILeYELspc/090jdf2PxI0=
github.com/tinywasm/crudp v0.2.11/go.mod h1:yZup2wR3V0YyWCFfvSS2Txk3FlcmsMw8NooCiPxd4KA=
github.com/tinywasm/devflow v0.2.8 h1:V8/ZyglSNs30Q+7ut9bdiRZFsoLw5r02+WqckIF+SpI=
github.com/tinywasm/devflow v0.2.8/go.mod h1:duQYq77ZfPGgrenPs2TyiwXPZ8QBWMC7YACHGJgus4w=
github.com/tinywasm/dom v0.5.6 h1:woC5agamzHVAGzaFxITwCZehDNcJDpluH2Y7zUFcypk=
github.com/tinywasm/dom v0.5.6/go.mod h1:cHDHDVjaK49UDsAglByYfVVSMoQXH1hTrbhUT9Uj8H8=
github.com/tinywasm/fetch v0.1.17 h1:FKdBinOmxC2h5+PSZDd4VoFdSutSHL+YeIh667bI8xU=
github.com/tinywasm/fetch v0.1.17/go.mod h1:hJQ0VBw9dkiqCcz08q3cPkFsYDMzk/6trGasfA+jMM0=
github.com/tinywasm/fmt v0.18.5 h1:Tz2wsGieLbXBZgdPCUJEszdLaxKfWoNN+29YTZRXOHc=
github.com/tinywasm/fmt v0.18.5/go.mod h1:L2GCAi6asgytPV6TVvGrRq5Ml+DkUt1Ijo5i/2J1jOY=
github.com/tinywasm/gobuild v0.0.24 h1:3AijOMF72/h4LOly/EZfBSoLqEdS7FSH73c0vwfHXAg=
github.com/tinywasm/gobuild v0.0.24/go.mod h1:48JVlXnOy8ZBiz/vz5rWMxv4ZrQvB5Fbw22kOx6RfZY=
github.com/tinywasm/mcpserve v0.0.21 h1:+Ol+68V/NRTJu5pE7zL2iU+1XR/TQR10Ys5z7Wy5Vss=
github.com/tinywasm/mcpserve v0.0.21/go.mod h1:wbQm9TUioSB6f2Se+uDeqGO/FAuO/sWjqBphZZjPgKk=
github.com/tinywasm/rbac v0.0.1 h1:I+FSyI9xQOqVx31JqSLmRFNMF9iwJrGxf6PXQ3GKqHo=
github.com/tinywasm/rbac v0.0.1/go.mod h1:JetyQ+pj7bPiswudaCVbC+1CFU93W9JLVZWk8F7QJ+s=
github.com/tinywasm/site v0.0.46 h1:8qpXyRRjwrhQJFiijL2/ulYhtZlj5PA4hOZOdX7sQ/U=
github.com/tinywasm/site v0.0.46/go.mod h1:SF+GFQrpdY7xGkTRRWYBTiP1gjhI14gzZU7Lb47PBMo=
github.com/tinywasm/sse v0.0.10 h1:+8SsjabKrkMZZ1hgaApQz3WOvnmgaduiGxSPVqd0mNU=
github.com/tinywasm/sse v0.0.10/go.mod h1:srTHTLi+j2PEkqaKqjcJ2tTkHVhY4wpUDkCx/G/Ajdw=
github.com/tinywasm/time v0.3.1 h1:TM1XdXyxK5o2A7SLabNo37QUrzXRbyIkSseyKZBJCTo=
github.com/tinywasm/time v0.3.1/go.mod h1:e/WhM6SRuko8xdm92wjyVZsv/ds6SikpaZG6jnzhwFc=
github.com/tinywasm/unixid v0.2.22 h1:zLZUEaZfcM1wgP8k+nfnFhaVJTpRRhHVuF9U/00e5cc=
github.com/tinywasm/unixid v0.2.22/go.mod h1:cCl8Tvz/8lM0A/2DQuSD5MxYqZ9fcL7EtRSOuWTlz4g=
github.com/tinywasm/wizard v0.0.22 h1:aoH9AgcE8ePyvUdTKy51AD6XyHZgi4CU7GrdFFT0o7w=
github.com/tinywasm/wizard v0.0.22/go.mod h1:TXjAtXdjRSd74yo1irKdyqyYorTq1TkSqZ5A3Jpp4aQ=
github.com/wk8/go-ordered-map/v2 v2.1.8 h1:5h/BUHu93oj4gIdvHHHGsScSTMijfx5PeYkE/fJgbpc=
github.com/wk8/go-ordered-map/v2 v2.1.8/go.mod h1:5nJHM5DyteebpVlHnWMV0rPz6Zp7+xBAnxjb1X5vnTw=
github.com/yosida95/uritemplate/v3 v3.0.2 h1:Ed3Oyj9yrmi9087+NczuL5BwkIc4wvTb5zIM+UJPGz4=
github.com/yosida95/uritemplate/v3 v3.0.2/go.mod h1:ILOh0sOhIJR3+L/8afwt/kE++YT040gmv5BQTMR2HP4=
github.com/zalando/go-keyring v0.2.6 h1:r7Yc3+H+Ux0+M72zacZoItR3UDxeWfKTcabvkI8ua9s=
github.com/zalando/go-keyring v0.2.6/go.mod h1:2TCrxYrbUNYfNS/Kgy/LSrkSQzZ5UPVH85RwfczwvcI=
golang.org/x/sys v0.40.0 h1:DBZZqJ2Rkml6QMQsZywtnjnnGvHza6BTfYFWY9kjEWQ=
golang.org/x/sys v0.40.0/go.mod h1:OgkHotnGiDImocRcuBABYBEXf8A9a87e/uXjp9XT3ks=
gopkg.in/check.v1 v0.0.0-20161208181325-20d25e280405 h1:yhCVgyC4o1eVCa2tZl7eS0r+SDo693bJlVdllGtEeKM=
gopkg.in/check.v1 v0.0.0-20161208181325-20d25e280405/go.mod h1:Co6ibVJAznAaIkqp8huTwlJQCZ016jof/cbN4VW5Yz0=
gopkg.in/yaml.v3 v3.0.1 h1:fxVm/GzAzEWqLHuvctI91KS9hhNmmWOoWu0XTYJS7CA=
gopkg.in/yaml.v3 v3.0.1/go.mod h1:K4uyk7z7BCEPqu6E+C64Yfv1cQ7kz7rIZviUmN+EgEM=
