al.essio.dev/pkg/shellescape v1.6.0 h1:NxFcEqzFSEVCGN2yq7Huv/9hyCEGVa/TncnOOBBeXHA=
al.essio.dev/pkg/shellescape v1.6.0/go.mod h1:6sIqp7X2P6mThCQ7twERpZTuigpr6KbZWtls1U8I890=
github.com/danieljoos/wincred v1.2.3 h1:v7dZC2x32Ut3nEfRH+vhoZGvN72+dQ/snVXo/vMFLdQ=
github.com/danieljoos/wincred v1.2.3/go.mod h1:6qqX0WNrS4RzPZ1tnroDzq9kY3fu1KwE7MRLQK4X0bs=
github.com/davecgh/go-spew v1.1.1 h1:vj9j/u1bqnvCEfJOwUhtlOARqs3+rkHYY13jYWTU97c=
github.com/davecgh/go-spew v1.1.1/go.mod h1:J7Y8YcW2NihsgmVo/mv3lAwl/skON4iLHjSsI+c5H38=
github.com/godbus/dbus/v5 v5.2.2 h1:TUR3TgtSVDmjiXOgAAyaZbYmIeP3DPkld3jgKGV8mXQ=
github.com/godbus/dbus/v5 v5.2.2/go.mod h1:3AAv2+hPq5rdnr5txxxRwiGjPXamgoIHgz9FPBfOp3c=
github.com/google/shlex v0.0.0-20191202100458-e7afc7fbc510 h1:El6M4kTTCOh6aBiKaUGG7oYTSPP8MxqL4YI3kZKwcP4=
github.com/google/shlex v0.0.0-20191202100458-e7afc7fbc510/go.mod h1:pupxD2MaaD3pAXIBCelhxNneeOaAeabZDe5s4K6zSpQ=
github.com/pmezard/go-difflib v1.0.0 h1:4DBwDE0NGyQoBHbLQYPwSUPoCMWR5BEzIk/f1lZbAQM=
github.com/pmezard/go-difflib v1.0.0/go.mod h1:iKH77koFhYxTK1pcRnkKkqfTogsbg7gZNVY4sRDYZ/4=
github.com/stretchr/objx v0.5.2 h1:xuMeJ0Sdp5ZMRXx/aWO6RZxdr3beISkG5/G/aIRr3pY=
github.com/stretchr/objx v0.5.2/go.mod h1:FRsXN1f5AsAjCGJKqEizvkpNtU+EGNCLh3NxZ/8L+MA=
github.com/stretchr/testify v1.11.1 h1:7s2iGBzp5EwR7/aIZr8ao5+dra3wiQyKjjFuvgVKu7U=
github.com/stretchr/testify v1.11.1/go.mod h1:wZwfW3scLgRK+23gO65QZefKpKQRnfz6sD981Nm4B6U=
github.com/tdewolff/minify/v2 v2.24.8 h1:58/VjsbevI4d5FGV0ZSuBrHMSSkH4MCH0sIz/eKIauE=
github.com/tdewolff/minify/v2 v2.24.8/go.mod h1:0Ukj0CRpo/sW/nd8uZ4ccXaV1rEVIWA3dj8U7+Shhfw=
github.com/tdewolff/parse/v2 v2.8.5 h1:ZmBiA/8Do5Rpk7bDye0jbbDUpXXbCdc3iah4VeUvwYU=
github.com/tdewolff/parse/v2 v2.8.5/go.mod h1:Hwlni2tiVNKyzR1o6nUs4FOF07URA+JLBLd6dlIXYqo=
github.com/tdewolff/test v1.0.11 h1:FdLbwQVHxqG16SlkGveC0JVyrJN62COWTRyUFzfbtBE=
github.com/tdewolff/test v1.0.11/go.mod h1:XPuWBzvdUzhCuxWO1ojpXsyzsA5bFoS3tO/Q3kFuTG8=
github.com/tinywasm/assetmin v0.2.1 h1:PhwzSmF4rGsAYh2bbVx2G8qUNCCjQh5rLGZ3Y0lpVto=
github.com/tinywasm/assetmin v0.2.1/go.mod h1:SWZNMq/LNLY3u2+s8dhAyiGjZ8+OxtgzRmSMpajnHOw=
github.com/tinywasm/binary v0.5.11 h1:qZaUIXToSA0iNqkc+eqpGrFdEI44v/HfSDr2fFIv5CE=
github.com/tinywasm/binary v0.5.11/go.mod h1:I8LJJ/xHcNgwxLgUKhGoKDGIQF8VURtc8lEDi2PR4vk=
github.com/tinywasm/client v0.5.50 h1:iuGMQ8qU8qTtMb+V34LDivyCQXR914geIX2dbZlfVZM=
github.com/tinywasm/client v0.5.50/go.mod h1:SrkZiXwr29RH9597h4exNEpMFVEt2t5OCLCohdOKgcw=
github.com/tinywasm/context v0.0.12 h1:F0P6QURIGZaPaxDxZEGZovGeGJ4L4S7Smrju0zr/V90=
github.com/tinywasm/context v0.0.12/go.mod h1:MUoF0JxU5/ekbOUrdtSjFO6xHd95MCAYBDWqwLIxSOg=
github.com/tinywasm/crudp v0.2.11 h1:FQFRFD7j22Ebks8Ws3+yb6ILeYELspc/090jdf2PxI0=
github.com/tinywasm/crudp v0.2.11/go.mod h1:yZup2wR3V0YyWCFfvSS2Txk3FlcmsMw8NooCiPxd4KA=
github.com/tinywasm/devflow v0.4.5 h1:OpNAB70OSjT97ydSY2YKvW4HwSRkMz8PWc6ZdrGE8hE=
github.com/tinywasm/devflow v0.4.5/go.mod h1:RVfXeUbU+u0EH95cKVaapbfua2XE+0rXenJ5s/W8ljo=
github.com/tinywasm/dom v0.5.6 h1:woC5agamzHVAGzaFxITwCZehDNcJDpluH2Y7zUFcypk=
github.com/tinywasm/dom v0.5.6/go.mod h1:cHDHDVjaK49UDsAglByYfVVSMoQXH1hTrbhUT9Uj8H8=
github.com/tinywasm/fetch v0.1.22 h1:HYz0IA2doZ5bpIZoO5Vju9hmbR3wKENwb5kKUDilBzo=
github.com/tinywasm/fetch v0.1.22/go.mod h1:AtYRsIZTZAdN5XyWVEA9jq2ks1Q9656DG49ccBe1WRs=
github.com/tinywasm/fmt v0.18.9 h1:M8t54VnB6ZBbxph9AF3vbmda366MIlGKRw48SKAdCfA=
github.com/tinywasm/fmt v0.18.9/go.mod h1:L2GCAi6asgytPV6TVvGrRq5Ml+DkUt1Ijo5i/2J1jOY=
github.com/tinywasm/gobuild v0.0.24 h1:3AijOMF72/h4LOly/EZfBSoLqEdS7FSH73c0vwfHXAg=
github.com/tinywasm/gobuild v0.0.24/go.mod h1:48JVlXnOy8ZBiz/vz5rWMxv4ZrQvB5Fbw22kOx6RfZY=
github.com/tinywasm/gorun v0.0.22 h1:IAADmzcTca9ap4kv7KC/FSDDdKxPwPTbM2HMxa+O5gs=
github.com/tinywasm/gorun v0.0.22/go.mod h1:9pApF2ZoaH/km6kGBVxL5WlStOoLwEZiV1uG4R4qeKo=
github.com/tinywasm/json v0.1.7 h1:/tLcf6qHxEi442S93eLtqtGS9kySMR5Iyi0WHP4TUf4=
github.com/tinywasm/json v0.1.7/go.mod h1:hq39O+4001Cmiau6NP7B/qVsVy7P7C5MIlI6KUWEa5I=
github.com/tinywasm/mcp v0.0.19 h1:hHXcHhtwUilpkEF09QvnMGsEN5fWxiazcR+KTt02acE=
github.com/tinywasm/mcp v0.0.19/go.mod h1:ErZ7B2mrGTT0FZLf/F6ZbAornasB8mB1V0y2VW8eIL0=
github.com/tinywasm/mcpserve v0.0.31 h1:Fg3e3EGduAefj3ET8LwD5/j2mKdj/jAu30Za3mkVJbU=
github.com/tinywasm/mcpserve v0.0.31/go.mod h1:3XCO6s8MHWheNNMvmkEuQt31Q3ivA+dUwaJMGtDeH8Q=
github.com/tinywasm/rbac v0.0.1 h1:I+FSyI9xQOqVx31JqSLmRFNMF9iwJrGxf6PXQ3GKqHo=
github.com/tinywasm/rbac v0.0.1/go.mod h1:JetyQ+pj7bPiswudaCVbC+1CFU93W9JLVZWk8F7QJ+s=
github.com/tinywasm/site v0.0.46 h1:8qpXyRRjwrhQJFiijL2/ulYhtZlj5PA4hOZOdX7sQ/U=
github.com/tinywasm/site v0.0.46/go.mod h1:SF+GFQrpdY7xGkTRRWYBTiP1gjhI14gzZU7Lb47PBMo=
github.com/tinywasm/sse v0.0.12 h1:vd9jOp8LlUeKIFyQvaR7dPRGv45HMqX3KXG2QgK06bI=
github.com/tinywasm/sse v0.0.12/go.mod h1:srTHTLi+j2PEkqaKqjcJ2tTkHVhY4wpUDkCx/G/Ajdw=
github.com/tinywasm/time v0.3.1 h1:TM1XdXyxK5o2A7SLabNo37QUrzXRbyIkSseyKZBJCTo=
github.com/tinywasm/time v0.3.1/go.mod h1:e/WhM6SRuko8xdm92wjyVZsv/ds6SikpaZG6jnzhwFc=
github.com/tinywasm/unixid v0.2.22 h1:zLZUEaZfcM1wgP8k+nfnFhaVJTpRRhHVuF9U/00e5cc=
github.com/tinywasm/unixid v0.2.22/go.mod h1:cCl8Tvz/8lM0A/2DQuSD5MxYqZ9fcL7EtRSOuWTlz4g=
github.com/tinywasm/wizard v0.0.22 h1:aoH9AgcE8ePyvUdTKy51AD6XyHZgi4CU7GrdFFT0o7w=
github.com/tinywasm/wizard v0.0.22/go.mod h1:TXjAtXdjRSd74yo1irKdyqyYorTq1TkSqZ5A3Jpp4aQ=
github.com/zalando/go-keyring v0.2.6 h1:r7Yc3+H+Ux0+M72zacZoItR3UDxeWfKTcabvkI8ua9s=
github.com/zalando/go-keyring v0.2.6/go.mod h1:2TCrxYrbUNYfNS/Kgy/LSrkSQzZ5UPVH85RwfczwvcI=
golang.org/x/sys v0.41.0 h1:Ivj+2Cp/ylzLiEU89QhWblYnOE9zerudt9Ftecq2C6k=
golang.org/x/sys v0.41.0/go.mod h1:OgkHotnGiDImocRcuBABYBEXf8A9a87e/uXjp9XT3ks=
golang.org/x/term v0.40.0 h1:36e4zGLqU4yhjlmxEaagx2KuYbJq3EwY8K943ZsHcvg=
golang.org/x/term v0.40.0/go.mod h1:w2P8uVp06p2iyKKuvXIm7N/y0UCRt3UfJTfZ7oOpglM=
gopkg.in/yaml.v3 v3.0.1 h1:fxVm/GzAzEWqLHuvctI91KS9hhNmmWOoWu0XTYJS7CA=
gopkg.in/yaml.v3 v3.0.1/go.mod h1:K4uyk7z7BCEPqu6E+C64Yfv1cQ7kz7rIZviUmN+EgEM=
