al.essio.dev/pkg/shellescape v1.6.0 h1:NxFcEqzFSEVCGN2yq7Huv/9hyCEGVa/TncnOOBBeXHA=
al.essio.dev/pkg/shellescape v1.6.0/go.mod h1:6sIqp7X2P6mThCQ7twERpZTuigpr6KbZWtls1U8I890=
github.com/danieljoos/wincred v1.2.3 h1:v7dZC2x32Ut3nEfRH+vhoZGvN72+dQ/snVXo/vMFLdQ=
github.com/danieljoos/wincred v1.2.3/go.mod h1:6qqX0WNrS4RzPZ1tnroDzq9kY3fu1KwE7MRLQK4X0bs=
github.com/davecgh/go-spew v1.1.1 h1:vj9j/u1bqnvCEfJOwUhtlOARqs3+rkHYY13jYWTU97c=
github.com/davecgh/go-spew v1.1.1/go.mod h1:J7Y8YcW2NihsgmVo/mv3lAwl/skON4iLHjSsI+c5H38=
github.com/godbus/dbus/v5 v5.2.2 h1:TUR3TgtSVDmjiXOgAAyaZbYmIeP3DPkld3jgKGV8mXQ=
github.com/godbus/dbus/v5 v5.2.2/go.mod h1:3AAv2+hPq5rdnr5txxxRwiGjPXamgoIHgz9FPBfOp3c=
github.com/google/shlex v0.0.0-20191202100458-e7afc7fbc510 h1:El6M4kTTCOh6aBiKaUGG7oYTSPP8MxqL4YI3kZKwcP4=
github.com/google/shlex v0.0.0-20191202100458-e7afc7fbc510/go.mod h1:pupxD2MaaD3pAXIBCelhxNneeOaAeabZDe5s4K6zSpQ=
github.com/pmezard/go-difflib v1.0.0 h1:4DBwDE0NGyQoBHbLQYPwSUPoCMWR5BEzIk/f1lZbAQM=
github.com/pmezard/go-difflib v1.0.0/go.mod h1:iKH77koFhYxTK1pcRnkKkqfTogsbg7gZNVY4sRDYZ/4=
github.com/stretchr/objx v0.5.2 h1:xuMeJ0Sdp5ZMRXx/aWO6RZxdr3beISkG5/G/aIRr3pY=
github.com/stretchr/objx v0.5.2/go.mod h1:FRsXN1f5AsAjCGJKqEizvkpNtU+EGNCLh3NxZ/8L+MA=
github.com/stretchr/testify v1.11.1 h1:7s2iGBzp5EwR7/aIZr8ao5+dra3wiQyKjjFuvgVKu7U=
github.com/stretchr/testify v1.11.1/go.mod h1:wZwfW3scLgRK+23gO65QZefKpKQRnfz6sD981Nm4B6U=
github.com/tdewolff/minify/v2 v2.24.8 h1:58/VjsbevI4d5FGV0ZSuBrHMSSkH4MCH0sIz/eKIauE=
github.com/tdewolff/minify/v2 v2.24.8/go.mod h1:0Ukj0CRpo/sW/nd8uZ4ccXaV1rEVIWA3dj8U7+Shhfw=
github.com/tdewolff/parse/v2 v2.8.5 h1:ZmBiA/8Do5Rpk7bDye0jbbDUpXXbCdc3iah4VeUvwYU=
github.com/tdewolff/parse/v2 v2.8.5/go.mod h1:Hwlni2tiVNKyzR1o6nUs4FOF07URA+JLBLd6dlIXYqo=
github.com/tdewolff/test v1.0.11 h1:FdLbwQVHxqG16SlkGveC0JVyrJN62COWTRyUFzfbtBE=
github.com/tdewolff/test v1.0.11/go.mod h1:XPuWBzvdUzhCuxWO1ojpXsyzsA5bFoS3tO/Q3kFuTG8=
github.com/tinywasm/assetmin v0.2.4 h1:khlOx4qc4ZSMNiYgP05AipMOOrRN7KzIj28PROSHlPY=
github.com/tinywasm/assetmin v0.2.4/go.mod h1:SWZNMq/LNLY3u2+s8dhAyiGjZ8+OxtgzRmSMpajnHOw=
github.com/tinywasm/binary v0.5.11 h1:qZaUIXToSA0iNqkc+eqpGrFdEI44v/HfSDr2fFIv5CE=
github.com/tinywasm/binary v0.5.11/go.mod h1:I8LJJ/xHcNgwxLgUKhGoKDGIQF8VURtc8lEDi2PR4vk=
github.com/tinywasm/client v0.6.5 h1:nAY9TEqyEUa+k7zm4ykaPgJVFYNCQGN1fw2HTQ4WCDY=
github.com/tinywasm/client v0.6.5/go.mod h1:px/YIGQggQA36pjtP7XD3xP+ttm2WHEgLgvOM1vJ5VM=
github.com/tinywasm/context v0.0.18 h1:uKeiAFo6L/PikGSbUu+xcyELGoa4kXomDNwJOlhxrUE=
github.com/tinywasm/context v0.0.18/go.mod h1:3AHZHMiiVZljEGNuYMaLM2OXdZ3bXjoMCmqx3sEGXsA=
github.com/tinywasm/crudp v0.2.11 h1:FQFRFD7j22Ebks8Ws3+yb6ILeYELspc/090jdf2PxI0=
github.com/tinywasm/crudp v0.2.11/go.mod h1:yZup2wR3V0YyWCFfvSS2Txk3FlcmsMw8NooCiPxd4KA=
github.com/tinywasm/devflow v0.4.19 h1:9PVnY+uAYeOnm3day2UA5L601CoTGnlImyTsuDwvmlQ=
github.com/tinywasm/devflow v0.4.19/go.mod h1:omADHyGOHJIfMx2Sntxt2lWCjiAtvzpdExpUTUQhnXQ=
github.com/tinywasm/dom v0.7.3 h1:d30m9mvjk4VRwjq2x9w6tRsZaZOUJ8burN2Ou7U9v6U=
github.com/tinywasm/dom v0.7.3/go.mod h1:/Ob8r/cDtjJzwKLXz9zaTeHG1FmxwEXCz45VDDMxiKo=
github.com/tinywasm/fetch v0.1.23 h1:R8Nr1LwcFUVgQsk5f0CilNNP8r0wc3DPaZuC5O8hYTM=
github.com/tinywasm/fetch v0.1.23/go.mod h1:XR4SHs1qYUFcPcFVw/r+TrwG+9+jENQPslWAKVC6nHQ=
github.com/tinywasm/fmt v0.23.6 h1:DXugqAD98VEeBKeguQqAWHzUnxhuESHRTDinyNHlSpk=
github.com/tinywasm/fmt v0.23.6/go.mod h1:L2GCAi6asgytPV6TVvGrRq5Ml+DkUt1Ijo5i/2J1jOY=
github.com/tinywasm/form v0.2.2 h1:OYb0Zo35HNF8y7WBB32wdXgHkTOq47Fv2lkHOuzHvJI=
github.com/tinywasm/form v0.2.2/go.mod h1:/xjMzc6yP34/dCRo+s0gDrEMngk3GEvwMZnxy25H3Wc=
github.com/tinywasm/gobuild v0.0.25 h1:DJmQS/mvYJW5eMflpTjhGGqkt1TD0yVl37brs2qmeGs=
github.com/tinywasm/gobuild v0.0.25/go.mod h1:48JVlXnOy8ZBiz/vz5rWMxv4ZrQvB5Fbw22kOx6RfZY=
github.com/tinywasm/gorun v0.0.23 h1:+2khVQCd1whCLYTP+AMC3lJVaKB6VOUYYXfj1Oj/tOY=
github.com/tinywasm/gorun v0.0.23/go.mod h1:9pApF2ZoaH/km6kGBVxL5WlStOoLwEZiV1uG4R4qeKo=
github.com/tinywasm/json v0.5.2 h1:ykHdD2qz2k+6r+trffNIVHfvdS46Ib+/8tSUKXx+EdY=
github.com/tinywasm/json v0.5.2/go.mod h1:uA5JXnQcz3T5XdKfwFKloZFvfP7TWgas41zmCM57UJU=
github.com/tinywasm/mcp v0.1.9 h1:x6z4wSU9DAe4E6J2r0Io0MMk+z52hPcP92lXO4EKjCQ=
github.com/tinywasm/mcp v0.1.9/go.mod h1:MYeXWHkLdqzi6Y5GNKrSMHtDqkZxeiv4QAfmynD+GB4=
github.com/tinywasm/rbac v0.0.1 h1:I+FSyI9xQOqVx31JqSLmRFNMF9iwJrGxf6PXQ3GKqHo=
github.com/tinywasm/rbac v0.0.1/go.mod h1:JetyQ+pj7bPiswudaCVbC+1CFU93W9JLVZWk8F7QJ+s=
github.com/tinywasm/site v0.0.46 h1:8qpXyRRjwrhQJFiijL2/ulYhtZlj5PA4hOZOdX7sQ/U=
github.com/tinywasm/site v0.0.46/go.mod h1:SF+GFQrpdY7xGkTRRWYBTiP1gjhI14gzZU7Lb47PBMo=
github.com/tinywasm/time v0.5.0 h1:M17DNgKrMYfkCK42V6miL9AcwfN/FHghbKOSTXJrkMo=
github.com/tinywasm/time v0.5.0/go.mod h1:vxGAkKA40im4ObiTS6hcsJYiIsVVLSz/A63JC/+TwvA=
github.com/tinywasm/tinygo v0.0.7 h1:Dedx9Pg6NktpBCFnvwsu3OJ+0LPoxdRGjfvbGc5T2Lk=
github.com/tinywasm/tinygo v0.0.7/go.mod h1:AFP4RTqJN9HKR/AWwXSibOF0HwlHIIpBNP0KWO2nvCU=
github.com/tinywasm/unixid v0.2.23 h1:Lp/TER0RwbaT7EcHbQNzXj9LOGA2VD8rC8XLYmxJBc0=
github.com/tinywasm/unixid v0.2.23/go.mod h1:5KPbI26CrW8S7rgMS46gqlLKTYPno3QH49GSB5NSLMU=
github.com/tinywasm/wizard v0.0.23 h1:hVio9ifAaR7Mu3wxwHoT9eZw9WPB2cRJEVD2foXx6Yw=
github.com/tinywasm/wizard v0.0.23/go.mod h1:tGkT9PRSfeKRZ8cQeVw9jECkK+wRx5vg//o0751dqmE=
github.com/zalando/go-keyring v0.2.6 h1:r7Yc3+H+Ux0+M72zacZoItR3UDxeWfKTcabvkI8ua9s=
github.com/zalando/go-keyring v0.2.6/go.mod h1:2TCrxYrbUNYfNS/Kgy/LSrkSQzZ5UPVH85RwfczwvcI=
golang.org/x/sys v0.42.0 h1:omrd2nAlyT5ESRdCLYdm3+fMfNFE/+Rf4bDIQImRJeo=
golang.org/x/sys v0.42.0/go.mod h1:4GL1E5IUh+htKOUEOaiffhrAeqysfVGipDYzABqnCmw=
golang.org/x/term v0.41.0 h1:QCgPso/Q3RTJx2Th4bDLqML4W6iJiaXFq2/ftQF13YU=
golang.org/x/term v0.41.0/go.mod h1:3pfBgksrReYfZ5lvYM0kSO0LIkAl4Yl2bXOkKP7Ec2A=
gopkg.in/yaml.v3 v3.0.1 h1:fxVm/GzAzEWqLHuvctI91KS9hhNmmWOoWu0XTYJS7CA=
gopkg.in/yaml.v3 v3.0.1/go.mod h1:K4uyk7z7BCEPqu6E+C64Yfv1cQ7kz7rIZviUmN+EgEM=
